{
  "nodes": {
    "libcamera-src": {
      "flake": false,
      "locked": {
        "lastModified": 1732011234,
        "narHash": "sha256-pG8QdMY9UWH+UodXi1j/hVuVFRe58vvOsf7tOrrb774=",
        "owner": "raspberrypi",
        "repo": "libcamera",
        "rev": "1230f78d2f6d38d812568fd27f7b985b9ff19e39",
        "type": "github"
      },
      "original": {
        "owner": "raspberrypi",
        "ref": "v0.3.2+rpt20241119",
        "repo": "libcamera",
        "type": "github"
      }
    },
    "libpisp-src": {
      "flake": false,
      "locked": {
        "lastModified": 1724944683,
        "narHash": "sha256-Fo2UJmQHS855YSSKKmGrsQnJzXog1cdpkIOO72yYAM4=",
        "owner": "raspberrypi",
        "repo": "libpisp",
        "rev": "28196ed6edcfeda88d23cc5f213d51aa6fa17bb3",
        "type": "github"
      },
      "original": {
        "owner": "raspberrypi",
        "ref": "v1.0.7",
        "repo": "libpisp",
        "type": "github"
      }
    },
    "nixpkgs": {
      "locked": {
        "lastModified": 1736200483,
        "narHash": "sha256-JO+lFN2HsCwSLMUWXHeOad6QUxOuwe9UOAF/iSl1J4I=",
        "owner": "NixOS",
        "repo": "nixpkgs",
        "rev": "3f0a8ac25fb674611b98089ca3a5dd6480175751",
        "type": "github"
      },
      "original": {
        "owner": "NixOS",
        "ref": "nixos-24.11",
        "repo": "nixpkgs",
        "type": "github"
      }
    },
    "root": {
      "inputs": {
        "libcamera-src": "libcamera-src",
        "libpisp-src": "libpisp-src",
        "nixpkgs": "nixpkgs",
        "rpi-bluez-firmware-src": "rpi-bluez-firmware-src",
        "rpi-firmware-nonfree-src": "rpi-firmware-nonfree-src",
        "rpi-firmware-src": "rpi-firmware-src",
        "rpi-linux-6_12_y-src": "rpi-linux-6_12_y-src",
        "rpi-linux-6_6_y-src": "rpi-linux-6_6_y-src",
        "rpi-linux-stable-src": "rpi-linux-stable-src",
        "rpicam-apps-src": "rpicam-apps-src",
        "u-boot-src": "u-boot-src"
      }
    },
    "rpi-bluez-firmware-src": {
      "flake": false,
      "locked": {
        "lastModified": 1708969706,
        "narHash": "sha256-KakKnOBeWxh0exu44beZ7cbr5ni4RA9vkWYb9sGMb8Q=",
        "owner": "RPi-Distro",
        "repo": "bluez-firmware",
        "rev": "78d6a07730e2d20c035899521ab67726dc028e1c",
        "type": "github"
      },
      "original": {
        "owner": "RPi-Distro",
        "ref": "bookworm",
        "repo": "bluez-firmware",
        "type": "github"
      }
    },
    "rpi-firmware-nonfree-src": {
      "flake": false,
      "locked": {
        "lastModified": 1734901638,
        "narHash": "sha256-Yu9hoy4lWQlkjq9LTTmXaLpUKzaEkJaMz9oYmOfbDos=",
        "owner": "RPi-Distro",
        "repo": "firmware-nonfree",
        "rev": "a6ed59a078d52ad72f0f2b99e68f324e7411afa1",
        "type": "github"
      },
      "original": {
        "owner": "RPi-Distro",
        "ref": "bookworm",
        "repo": "firmware-nonfree",
        "type": "github"
      }
    },
    "rpi-firmware-src": {
      "flake": false,
      "locked": {
        "lastModified": 1732625925,
        "narHash": "sha256-EYEp9ukEuVDE6KUYS62wy3ZcRZ/rvsIvjnT2kJDlSYY=",
        "owner": "raspberrypi",
        "repo": "firmware",
        "rev": "4bb9d889a9d48c7335ebe53c0b8be83285ea54b1",
        "type": "github"
      },
      "original": {
        "owner": "raspberrypi",
        "ref": "1.20241126",
        "repo": "firmware",
        "type": "github"
      }
    },
    "rpi-linux-6_12_y-src": {
      "flake": false,
      "locked": {
        "lastModified": 1736528139,
        "narHash": "sha256-RCwMLkPbf755NQf0fVVgQovHmSAwU+q99P430eDYr8M=",
        "owner": "raspberrypi",
        "repo": "linux",
        "rev": "a20d400dff3d1d3eb40a192fecff22a70d064b3e",
        "type": "github"
      },
      "original": {
        "owner": "raspberrypi",
        "ref": "rpi-6.12.y",
        "repo": "linux",
        "type": "github"
      }
    },
    "rpi-linux-6_6_y-src": {
      "flake": false,
      "locked": {
        "lastModified": 1736528056,
        "narHash": "sha256-Vz4o8GIObbF4fyKl5aKi4zJxjINMQjd5PsQPZ8Hprbw=",
        "owner": "raspberrypi",
        "repo": "linux",
        "rev": "dfff38316c1284c30c68d02cc424bad0562cf253",
        "type": "github"
      },
      "original": {
        "owner": "raspberrypi",
        "ref": "rpi-6.6.y",
        "repo": "linux",
        "type": "github"
      }
    },
    "rpi-linux-stable-src": {
      "flake": false,
      "locked": {
        "lastModified": 1728403745,
        "narHash": "sha256-phCxkuO+jUGZkfzSrBq6yErQeO2Td+inIGHxctXbD5U=",
        "owner": "raspberrypi",
        "repo": "linux",
        "rev": "5aeecea9f4a45248bcf564dec924965e066a7bfd",
        "type": "github"
      },
      "original": {
        "owner": "raspberrypi",
        "ref": "stable_20241008",
        "repo": "linux",
        "type": "github"
      }
    },
    "rpicam-apps-src": {
      "flake": false,
      "locked": {
        "lastModified": 1731410967,
        "narHash": "sha256-dDb4/SL5SPuBhmp1g8h8ZMq9PnG2SZMIik2gnO8PkuY=",
        "owner": "raspberrypi",
        "repo": "rpicam-apps",
        "rev": "50958df98d3cf77b54706a794226d556d649981c",
        "type": "github"
      },
      "original": {
        "owner": "raspberrypi",
        "ref": "v1.5.3",
        "repo": "rpicam-apps",
        "type": "github"
      }
    },
    "u-boot-src": {
      "flake": false,
      "locked": {
        "lastModified": 1736211284,
        "narHash": "sha256-n63E3AHzbkn/SAfq+DHYDsBMY8qob+cbcoKgPKgE4ps=",
        "type": "tarball",
        "url": "https://ftp.denx.de/pub/u-boot/u-boot-2025.01.tar.bz2"
      },
      "original": {
        "type": "tarball",
        "url": "https://ftp.denx.de/pub/u-boot/u-boot-2025.01.tar.bz2"
      }
    }
  },
  "root": "root",
  "version": 7
}
