name: update-flake-lock

on:
  workflow_dispatch:
  schedule:
    - cron: '0 0 * * 0'

permissions:
  contents: write
  pull-requests: write

jobs:
  lockfile:
    runs-on: ubuntu-latest
    steps:
      - name: Checkout repository
        uses: actions/checkout@11bd71901bbe5b1630ceea73d27597364c9af683 # v4

      - name: Install nix
        uses: DeterminateSystems/nix-installer-action@e50d5f73bfe71c2dd0aa4218de8f4afa59f8f81d # v16

      - name: Update flake.lock
        uses: DeterminateSystems/update-flake-lock@a2bbe0274e3a0c4194390a1e445f734c597ebc37 # v24
